
Microsoft Visual Studio Solution File, Format Version 12.00
# Visual Studio Version 16
VisualStudioVersion = 16.0.29409.12
MinimumVisualStudioVersion = 10.0.40219.1
Project("{9A19103F-16F7-4668-BE54-9A1E7A4F7556}") = "NLog.Targets.Splunk", "NLog.Targets.Splunk.csproj", "{4F557481-B26C-43A3-A94E-F9711BBAF280}"
EndProject
Global
	GlobalSection(SolutionConfigurationPlatforms) = preSolution
		Debug|Any CPU = Debug|Any CPU
		Release|Any CPU = Release|Any CPU
	EndGlobalSection
	GlobalSection(ProjectConfigurationPlatforms) = postSolution
		{4F557481-B26C-43A3-A94E-F9711BBAF280}.Debug|Any CPU.ActiveCfg = Debug|Any CPU
		{4F557481-B26C-43A3-A94E-F9711BBAF280}.Debug|Any CPU.Build.0 = Debug|Any CPU
		{4F557481-B26C-43A3-A94E-F9711BBAF280}.Release|Any CPU.ActiveCfg = Release|Any CPU
		{4F557481-B26C-43A3-A94E-F9711BBAF280}.Release|Any CPU.Build.0 = Release|Any CPU
	EndGlobalSection
	GlobalSection(SolutionProperties) = preSolution
		HideSolutionNode = FALSE
	EndGlobalSection
	GlobalSection(ExtensibilityGlobals) = postSolution
		SolutionGuid = {55648961-53AC-45C7-BE0A-3789FBB06497}
	EndGlobalSection
EndGlobal
